
Microsoft Visual Studio Solution File, Format Version 12.00
# Visual Studio Version 17
VisualStudioVersion = 17.9.34714.143
MinimumVisualStudioVersion = 10.0.40219.1
Project("{FAE04EC0-301F-11D3-BF4B-00C04F79EFBC}") = "MTPMediaCopier", "MTPMediaCopier\MTPMediaCopier.csproj", "{0822264E-DA7B-49A4-8C15-52BF53BE7EB8}"
EndProject
Project("{54435603-DBB4-11D2-8724-00A0C9A8B90C}") = "Setup", "Setup\Setup.vdproj", "{3ECDAC5C-FA39-4C4C-8D5A-F948F4DFFFDB}"
EndProject
Global
	GlobalSection(SolutionConfigurationPlatforms) = preSolution
		Debug|Any CPU = Debug|Any CPU
		Release|Any CPU = Release|Any CPU
	EndGlobalSection
	GlobalSection(ProjectConfigurationPlatforms) = postSolution
		{0822264E-DA7B-49A4-8C15-52BF53BE7EB8}.Debug|Any CPU.ActiveCfg = Debug|Any CPU
		{0822264E-DA7B-49A4-8C15-52BF53BE7EB8}.Debug|Any CPU.Build.0 = Debug|Any CPU
		{0822264E-DA7B-49A4-8C15-52BF53BE7EB8}.Release|Any CPU.ActiveCfg = Release|Any CPU
		{0822264E-DA7B-49A4-8C15-52BF53BE7EB8}.Release|Any CPU.Build.0 = Release|Any CPU
		{3ECDAC5C-FA39-4C4C-8D5A-F948F4DFFFDB}.Debug|Any CPU.ActiveCfg = Debug
		{3ECDAC5C-FA39-4C4C-8D5A-F948F4DFFFDB}.Release|Any CPU.ActiveCfg = Release
	EndGlobalSection
	GlobalSection(SolutionProperties) = preSolution
		HideSolutionNode = FALSE
	EndGlobalSection
	GlobalSection(ExtensibilityGlobals) = postSolution
		SolutionGuid = {BDF03C33-B5B9-4DD6-BF8A-C41E207CFC2F}
	EndGlobalSection
EndGlobal
